// !$*UTF8*$!
{
	archiveVersion = 1;
	classes = {
	};
	objectVersion = 77;
	objects = {

/* Begin PBXBuildFile section */
		777D081E2F2CF1C9004777D8 /* GoogleService-Info.plist in Resources */ = {isa = PBXBuildFile; fileRef = 777D081D2F2CF1C9004777D8 /* GoogleService-Info.plist */; };
		777D08212F2D1234004777D8 /* FirebaseCrashlytics in Frameworks */ = {isa = PBXBuildFile; productRef = 777D08202F2D1234004777D8 /* FirebaseCrashlytics */; };
		77B22ECF2F146CDC005146C6 /* StoreKit.framework in Frameworks */ = {isa = PBXBuildFile; fileRef = 77B22ECE2F146CDC005146C6 /* StoreKit.framework */; };
		78A100022F50000200A10001 /* millioCurrencyWidgetExtension.appex in Embed App Extensions */ = {isa = PBXBuildFile; fileRef = 78A100012F50000100A10001 /* millioCurrencyWidgetExtension.appex */; settings = {ATTRIBUTES = (RemoveHeadersOnCopy, ); }; };
/* End PBXBuildFile section */

/* Begin PBXContainerItemProxy section */
		772BE52D2F12DBEF00193DE9 /* PBXContainerItemProxy */ = {
			isa = PBXContainerItemProxy;
			containerPortal = 772BE5152F12DBED00193DE9 /* Project object */;
			proxyType = 1;
			remoteGlobalIDString = 772BE51C2F12DBED00193DE9;
			remoteInfo = millio;
		};
		772BE5372F12DBEF00193DE9 /* PBXContainerItemProxy */ = {
			isa = PBXContainerItemProxy;
			containerPortal = 772BE5152F12DBED00193DE9 /* Project object */;
			proxyType = 1;
			remoteGlobalIDString = 772BE51C2F12DBED00193DE9;
			remoteInfo = millio;
		};
		78A1000E2F50000E00A10001 /* PBXContainerItemProxy */ = {
			isa = PBXContainerItemProxy;
			containerPortal = 772BE5152F12DBED00193DE9 /* Project object */;
			proxyType = 1;
			remoteGlobalIDString = 78A100092F50000900A10001;
			remoteInfo = millioCurrencyWidgetExtension;
		};
/* End PBXContainerItemProxy section */

/* Begin PBXCopyFilesBuildPhase section */
		78A1000D2F50000D00A10001 /* Embed App Extensions */ = {
			isa = PBXCopyFilesBuildPhase;
			buildActionMask = 2147483647;
			dstPath = "";
			dstSubfolderSpec = 13;
			files = (
				78A100022F50000200A10001 /* millioCurrencyWidgetExtension.appex in Embed App Extensions */,
			);
			name = "Embed App Extensions";
			runOnlyForDeploymentPostprocessing = 0;
		};
/* End PBXCopyFilesBuildPhase section */

/* Begin PBXFileReference section */
		772BE51D2F12DBED00193DE9 /* millio.app */ = {isa = PBXFileReference; explicitFileType = wrapper.application; includeInIndex = 0; path = millio.app; sourceTree = BUILT_PRODUCTS_DIR; };
		772BE52C2F12DBEF00193DE9 /* millioTests.xctest */ = {isa = PBXFileReference; explicitFileType = wrapper.cfbundle; includeInIndex = 0; path = millioTests.xctest; sourceTree = BUILT_PRODUCTS_DIR; };
		772BE5362F12DBEF00193DE9 /* millioUITests.xctest */ = {isa = PBXFileReference; explicitFileType = wrapper.cfbundle; includeInIndex = 0; path = millioUITests.xctest; sourceTree = BUILT_PRODUCTS_DIR; };
		777D081D2F2CF1C9004777D8 /* GoogleService-Info.plist */ = {isa = PBXFileReference; lastKnownFileType = text.plist.xml; path = "GoogleService-Info.plist"; sourceTree = "<group>"; };
		77B22ECE2F146CDC005146C6 /* StoreKit.framework */ = {isa = PBXFileReference; lastKnownFileType = wrapper.framework; name = StoreKit.framework; path = System/Library/Frameworks/StoreKit.framework; sourceTree = SDKROOT; };
		77E1A0012F40000100E1A001 /* millio/Config/Debug.xcconfig */ = {isa = PBXFileReference; lastKnownFileType = text.xcconfig; path = millio/Config/Debug.xcconfig; sourceTree = "<group>"; };
		77E1A0022F40000200E1A001 /* millio/Config/Release.xcconfig */ = {isa = PBXFileReference; lastKnownFileType = text.xcconfig; path = millio/Config/Release.xcconfig; sourceTree = "<group>"; };
		78A100012F50000100A10001 /* millioCurrencyWidgetExtension.appex */ = {isa = PBXFileReference; explicitFileType = "wrapper.app-extension"; includeInIndex = 0; path = millioCurrencyWidgetExtension.appex; sourceTree = BUILT_PRODUCTS_DIR; };
/* End PBXFileReference section */

/* Begin PBXFileSystemSynchronizedBuildFileExceptionSet section */
		77AD825C2F1313D4006E2305 /* Exceptions for "millio" folder in "millio" target */ = {
			isa = PBXFileSystemSynchronizedBuildFileExceptionSet;
			membershipExceptions = (
				Info.plist,
			);
			target = 772BE51C2F12DBED00193DE9 /* millio */;
		};
		78A100052F50000500A10001 /* Exceptions for "millioCurrencyWidgetExtension" folder in "millioCurrencyWidgetExtension" target */ = {
			isa = PBXFileSystemSynchronizedBuildFileExceptionSet;
			membershipExceptions = (
				Info.plist,
			);
			target = 78A100092F50000900A10001 /* millioCurrencyWidgetExtension */;
		};
/* End PBXFileSystemSynchronizedBuildFileExceptionSet section */

/* Begin PBXFileSystemSynchronizedRootGroup section */
		772BE51F2F12DBED00193DE9 /* millio */ = {
			isa = PBXFileSystemSynchronizedRootGroup;
			exceptions = (
				77AD825C2F1313D4006E2305 /* Exceptions for "millio" folder in "millio" target */,
			);
			path = millio;
			sourceTree = "<group>";
		};
		772BE52F2F12DBEF00193DE9 /* millioTests */ = {
			isa = PBXFileSystemSynchronizedRootGroup;
			path = millioTests;
			sourceTree = "<group>";
		};
		772BE5392F12DBEF00193DE9 /* millioUITests */ = {
			isa = PBXFileSystemSynchronizedRootGroup;
			path = millioUITests;
			sourceTree = "<group>";
		};
		78A100032F50000300A10001 /* Shared */ = {
			isa = PBXFileSystemSynchronizedRootGroup;
			path = Shared;
			sourceTree = "<group>";
		};
		78A100042F50000400A10001 /* millioCurrencyWidgetExtension */ = {
			isa = PBXFileSystemSynchronizedRootGroup;
			exceptions = (
				78A100052F50000500A10001 /* Exceptions for "millioCurrencyWidgetExtension" folder in "millioCurrencyWidgetExtension" target */,
			);
			path = millioCurrencyWidgetExtension;
			sourceTree = "<group>";
		};
/* End PBXFileSystemSynchronizedRootGroup section */

/* Begin PBXFrameworksBuildPhase section */
		772BE51A2F12DBED00193DE9 /* Frameworks */ = {
			isa = PBXFrameworksBuildPhase;
			buildActionMask = 2147483647;
			files = (
				777D08212F2D1234004777D8 /* FirebaseCrashlytics in Frameworks */,
				77B22ECF2F146CDC005146C6 /* StoreKit.framework in Frameworks */,
			);
			runOnlyForDeploymentPostprocessing = 0;
		};
		772BE5292F12DBEF00193DE9 /* Frameworks */ = {
			isa = PBXFrameworksBuildPhase;
			buildActionMask = 2147483647;
			files = (
			);
			runOnlyForDeploymentPostprocessing = 0;
		};
		772BE5332F12DBEF00193DE9 /* Frameworks */ = {
			isa = PBXFrameworksBuildPhase;
			buildActionMask = 2147483647;
			files = (
			);
			runOnlyForDeploymentPostprocessing = 0;
		};
		78A100062F50000600A10001 /* Frameworks */ = {
			isa = PBXFrameworksBuildPhase;
			buildActionMask = 2147483647;
			files = (
			);
			runOnlyForDeploymentPostprocessing = 0;
		};
/* End PBXFrameworksBuildPhase section */

/* Begin PBXGroup section */
		772BE5142F12DBED00193DE9 = {
			isa = PBXGroup;
			children = (
				777D081D2F2CF1C9004777D8 /* GoogleService-Info.plist */,
				77E1A0012F40000100E1A001 /* millio/Config/Debug.xcconfig */,
				77E1A0022F40000200E1A001 /* millio/Config/Release.xcconfig */,
				772BE51F2F12DBED00193DE9 /* millio */,
				78A100032F50000300A10001 /* Shared */,
				772BE52F2F12DBEF00193DE9 /* millioTests */,
				772BE5392F12DBEF00193DE9 /* millioUITests */,
				78A100042F50000400A10001 /* millioCurrencyWidgetExtension */,
				77B22ECD2F146CDC005146C6 /* Frameworks */,
				772BE51E2F12DBED00193DE9 /* Products */,
			);
			sourceTree = "<group>";
		};
		772BE51E2F12DBED00193DE9 /* Products */ = {
			isa = PBXGroup;
			children = (
				772BE51D2F12DBED00193DE9 /* millio.app */,
				772BE52C2F12DBEF00193DE9 /* millioTests.xctest */,
				772BE5362F12DBEF00193DE9 /* millioUITests.xctest */,
				78A100012F50000100A10001 /* millioCurrencyWidgetExtension.appex */,
			);
			name = Products;
			sourceTree = "<group>";
		};
		77B22ECD2F146CDC005146C6 /* Frameworks */ = {
			isa = PBXGroup;
			children = (
				77B22ECE2F146CDC005146C6 /* StoreKit.framework */,
			);
			name = Frameworks;
			sourceTree = "<group>";
		};
/* End PBXGroup section */

/* Begin PBXNativeTarget section */
		772BE51C2F12DBED00193DE9 /* millio */ = {
			isa = PBXNativeTarget;
			buildConfigurationList = 772BE5402F12DBEF00193DE9 /* Build configuration list for PBXNativeTarget "millio" */;
			buildPhases = (
				772BE5192F12DBED00193DE9 /* Sources */,
				772BE51A2F12DBED00193DE9 /* Frameworks */,
				772BE51B2F12DBED00193DE9 /* Resources */,
				78A1000D2F50000D00A10001 /* Embed App Extensions */,
				777D08222F2D1234004777D8 /* Firebase Crashlytics */,
			);
			buildRules = (
			);
			dependencies = (
				78A1000F2F50000F00A10001 /* PBXTargetDependency */,
			);
			fileSystemSynchronizedGroups = (
				772BE51F2F12DBED00193DE9 /* millio */,
				78A100032F50000300A10001 /* Shared */,
			);
			name = millio;
			packageProductDependencies = (
				777D08202F2D1234004777D8 /* FirebaseCrashlytics */,
			);
			productName = millio;
			productReference = 772BE51D2F12DBED00193DE9 /* millio.app */;
			productType = "com.apple.product-type.application";
		};
		772BE52B2F12DBEF00193DE9 /* millioTests */ = {
			isa = PBXNativeTarget;
			buildConfigurationList = 772BE5432F12DBEF00193DE9 /* Build configuration list for PBXNativeTarget "millioTests" */;
			buildPhases = (
				772BE5282F12DBEF00193DE9 /* Sources */,
				772BE5292F12DBEF00193DE9 /* Frameworks */,
				772BE52A2F12DBEF00193DE9 /* Resources */,
			);
			buildRules = (
			);
			dependencies = (
				772BE52E2F12DBEF00193DE9 /* PBXTargetDependency */,
			);
			fileSystemSynchronizedGroups = (
				772BE52F2F12DBEF00193DE9 /* millioTests */,
			);
			name = millioTests;
			packageProductDependencies = (
			);
			productName = millioTests;
			productReference = 772BE52C2F12DBEF00193DE9 /* millioTests.xctest */;
			productType = "com.apple.product-type.bundle.unit-test";
		};
		772BE5352F12DBEF00193DE9 /* millioUITests */ = {
			isa = PBXNativeTarget;
			buildConfigurationList = 772BE5462F12DBEF00193DE9 /* Build configuration list for PBXNativeTarget "millioUITests" */;
			buildPhases = (
				772BE5322F12DBEF00193DE9 /* Sources */,
				772BE5332F12DBEF00193DE9 /* Frameworks */,
				772BE5342F12DBEF00193DE9 /* Resources */,
			);
			buildRules = (
			);
			dependencies = (
				772BE5382F12DBEF00193DE9 /* PBXTargetDependency */,
			);
			fileSystemSynchronizedGroups = (
				772BE5392F12DBEF00193DE9 /* millioUITests */,
			);
			name = millioUITests;
			packageProductDependencies = (
			);
			productName = millioUITests;
			productReference = 772BE5362F12DBEF00193DE9 /* millioUITests.xctest */;
			productType = "com.apple.product-type.bundle.ui-testing";
		};
		78A100092F50000900A10001 /* millioCurrencyWidgetExtension */ = {
			isa = PBXNativeTarget;
			buildConfigurationList = 78A1000C2F50000C00A10001 /* Build configuration list for PBXNativeTarget "millioCurrencyWidgetExtension" */;
			buildPhases = (
				78A100082F50000800A10001 /* Sources */,
				78A100062F50000600A10001 /* Frameworks */,
				78A100072F50000700A10001 /* Resources */,
			);
			buildRules = (
			);
			dependencies = (
			);
			fileSystemSynchronizedGroups = (
				78A100032F50000300A10001 /* Shared */,
				78A100042F50000400A10001 /* millioCurrencyWidgetExtension */,
			);
			name = millioCurrencyWidgetExtension;
			packageProductDependencies = (
			);
			productName = millioCurrencyWidgetExtension;
			productReference = 78A100012F50000100A10001 /* millioCurrencyWidgetExtension.appex */;
			productType = "com.apple.product-type.app-extension";
		};
/* End PBXNativeTarget section */

/* Begin PBXProject section */
		772BE5152F12DBED00193DE9 /* Project object */ = {
			isa = PBXProject;
			attributes = {
				BuildIndependentTargetsInParallel = 1;
				LastSwiftUpdateCheck = 2620;
				LastUpgradeCheck = 2630;
				TargetAttributes = {
					772BE51C2F12DBED00193DE9 = {
						CreatedOnToolsVersion = 26.2;
					};
					772BE52B2F12DBEF00193DE9 = {
						CreatedOnToolsVersion = 26.2;
						TestTargetID = 772BE51C2F12DBED00193DE9;
					};
					772BE5352F12DBEF00193DE9 = {
						CreatedOnToolsVersion = 26.2;
						TestTargetID = 772BE51C2F12DBED00193DE9;
					};
					78A100092F50000900A10001 = {
						CreatedOnToolsVersion = 26.2;
					};
				};
			};
			buildConfigurationList = 772BE5182F12DBED00193DE9 /* Build configuration list for PBXProject "millio" */;
			developmentRegion = en;
			hasScannedForEncodings = 0;
			knownRegions = (
				en,
				ru,
				"zh-Hans",
				Base,
			);
			mainGroup = 772BE5142F12DBED00193DE9;
			minimizedProjectReferenceProxies = 1;
			packageReferences = (
				777D081A2F2CF17B004777D8 /* XCRemoteSwiftPackageReference "firebase-ios-sdk" */,
			);
			preferredProjectObjectVersion = 77;
			productRefGroup = 772BE51E2F12DBED00193DE9 /* Products */;
			projectDirPath = "";
			projectRoot = "";
			targets = (
				772BE51C2F12DBED00193DE9 /* millio */,
				772BE52B2F12DBEF00193DE9 /* millioTests */,
				772BE5352F12DBEF00193DE9 /* millioUITests */,
				78A100092F50000900A10001 /* millioCurrencyWidgetExtension */,
			);
		};
/* End PBXProject section */

/* Begin PBXResourcesBuildPhase section */
		772BE51B2F12DBED00193DE9 /* Resources */ = {
			isa = PBXResourcesBuildPhase;
			buildActionMask = 2147483647;
			files = (
				777D081E2F2CF1C9004777D8 /* GoogleService-Info.plist in Resources */,
			);
			runOnlyForDeploymentPostprocessing = 0;
		};
		772BE52A2F12DBEF00193DE9 /* Resources */ = {
			isa = PBXResourcesBuildPhase;
			buildActionMask = 2147483647;
			files = (
			);
			runOnlyForDeploymentPostprocessing = 0;
		};
		772BE5342F12DBEF00193DE9 /* Resources */ = {
			isa = PBXResourcesBuildPhase;
			buildActionMask = 2147483647;
			files = (
			);
			runOnlyForDeploymentPostprocessing = 0;
		};
		78A100072F50000700A10001 /* Resources */ = {
			isa = PBXResourcesBuildPhase;
			buildActionMask = 2147483647;
			files = (
			);
			runOnlyForDeploymentPostprocessing = 0;
		};
/* End PBXResourcesBuildPhase section */

/* Begin PBXShellScriptBuildPhase section */
		777D08222F2D1234004777D8 /* Firebase Crashlytics */ = {
			isa = PBXShellScriptBuildPhase;
			buildActionMask = 2147483647;
			files = (
			);
			inputFileListPaths = (
			);
			inputPaths = (
				"${DWARF_DSYM_FOLDER_PATH}/${DWARF_DSYM_FILE_NAME}",
				"${DWARF_DSYM_FOLDER_PATH}/${DWARF_DSYM_FILE_NAME}/Contents/Resources/DWARF/${TARGET_NAME}",
				"${DWARF_DSYM_FOLDER_PATH}/${DWARF_DSYM_FILE_NAME}/Contents/Info.plist",
				"$(TARGET_BUILD_DIR)/$(UNLOCALIZED_RESOURCES_FOLDER_PATH)/GoogleService-Info.plist",
				"$(TARGET_BUILD_DIR)/$(EXECUTABLE_PATH)",
			);
			name = "Firebase Crashlytics";
			outputFileListPaths = (
			);
			outputPaths = (
				"${DERIVED_FILE_DIR}/CrashlyticsRun",
			);
			runOnlyForDeploymentPostprocessing = 0;
			shellPath = /bin/sh;
			shellScript = "if [ \"${CONFIGURATION}\" != \"Release\" ]; then exit 0; fi\nif [ -n \"${XCTestConfigurationFilePath}\" ]; then exit 0; fi\n\"${BUILD_DIR%/Build/*}/SourcePackages/checkouts/firebase-ios-sdk/Crashlytics/run\" && /bin/echo done > \"${DERIVED_FILE_DIR}/CrashlyticsRun\"";
			showEnvVarsInLog = 0;
		};
/* End PBXShellScriptBuildPhase section */

/* Begin PBXSourcesBuildPhase section */
		772BE5192F12DBED00193DE9 /* Sources */ = {
			isa = PBXSourcesBuildPhase;
			buildActionMask = 2147483647;
			files = (
			);
			runOnlyForDeploymentPostprocessing = 0;
		};
		772BE5282F12DBEF00193DE9 /* Sources */ = {
			isa = PBXSourcesBuildPhase;
			buildActionMask = 2147483647;
			files = (
			);
			runOnlyForDeploymentPostprocessing = 0;
		};
		772BE5322F12DBEF00193DE9 /* Sources */ = {
			isa = PBXSourcesBuildPhase;
			buildActionMask = 2147483647;
			files = (
			);
			runOnlyForDeploymentPostprocessing = 0;
		};
		78A100082F50000800A10001 /* Sources */ = {
			isa = PBXSourcesBuildPhase;
			buildActionMask = 2147483647;
			files = (
			);
			runOnlyForDeploymentPostprocessing = 0;
		};
/* End PBXSourcesBuildPhase section */

/* Begin PBXTargetDependency section */
		772BE52E2F12DBEF00193DE9 /* PBXTargetDependency */ = {
			isa = PBXTargetDependency;
			target = 772BE51C2F12DBED00193DE9 /* millio */;
			targetProxy = 772BE52D2F12DBEF00193DE9 /* PBXContainerItemProxy */;
		};
		772BE5382F12DBEF00193DE9 /* PBXTargetDependency */ = {
			isa = PBXTargetDependency;
			target = 772BE51C2F12DBED00193DE9 /* millio */;
			targetProxy = 772BE5372F12DBEF00193DE9 /* PBXContainerItemProxy */;
		};
		78A1000F2F50000F00A10001 /* PBXTargetDependency */ = {
			isa = PBXTargetDependency;
			target = 78A100092F50000900A10001 /* millioCurrencyWidgetExtension */;
			targetProxy = 78A1000E2F50000E00A10001 /* PBXContainerItemProxy */;
		};
/* End PBXTargetDependency section */

/* Begin XCBuildConfiguration section */
		772BE53E2F12DBEF00193DE9 /* Debug */ = {
			isa = XCBuildConfiguration;
			buildSettings = {
				ALWAYS_SEARCH_USER_PATHS = NO;
				ASSETCATALOG_COMPILER_GENERATE_SWIFT_ASSET_SYMBOL_EXTENSIONS = YES;
				CLANG_ANALYZER_NONNULL = YES;
				CLANG_ANALYZER_NUMBER_OBJECT_CONVERSION = YES_AGGRESSIVE;
				CLANG_CXX_LANGUAGE_STANDARD = "gnu++20";
				CLANG_ENABLE_MODULES = YES;
				CLANG_ENABLE_OBJC_ARC = YES;
				CLANG_ENABLE_OBJC_WEAK = YES;
				CLANG_WARN_BLOCK_CAPTURE_AUTORELEASING = YES;
				CLANG_WARN_BOOL_CONVERSION = YES;
				CLANG_WARN_COMMA = YES;
				CLANG_WARN_CONSTANT_CONVERSION = YES;
				CLANG_WARN_DEPRECATED_OBJC_IMPLEMENTATIONS = YES;
				CLANG_WARN_DIRECT_OBJC_ISA_USAGE = YES_ERROR;
				CLANG_WARN_DOCUMENTATION_COMMENTS = YES;
				CLANG_WARN_EMPTY_BODY = YES;
				CLANG_WARN_ENUM_CONVERSION = YES;
				CLANG_WARN_INFINITE_RECURSION = YES;
				CLANG_WARN_INT_CONVERSION = YES;
				CLANG_WARN_NON_LITERAL_NULL_CONVERSION = YES;
				CLANG_WARN_OBJC_IMPLICIT_RETAIN_SELF = YES;
				CLANG_WARN_OBJC_LITERAL_CONVERSION = YES;
				CLANG_WARN_OBJC_ROOT_CLASS = YES_ERROR;
				CLANG_WARN_QUOTED_INCLUDE_IN_FRAMEWORK_HEADER = YES;
				CLANG_WARN_RANGE_LOOP_ANALYSIS = YES;
				CLANG_WARN_STRICT_PROTOTYPES = YES;
				CLANG_WARN_SUSPICIOUS_MOVE = YES;
				CLANG_WARN_UNGUARDED_AVAILABILITY = YES_AGGRESSIVE;
				CLANG_WARN_UNREACHABLE_CODE = YES;
				CLANG_WARN__DUPLICATE_METHOD_MATCH = YES;
				COPY_PHASE_STRIP = NO;
				DEBUG_INFORMATION_FORMAT = dwarf;
				DEVELOPMENT_TEAM = RZ9K4783T9;
				ENABLE_STRICT_OBJC_MSGSEND = YES;
				ENABLE_TESTABILITY = YES;
				ENABLE_USER_SCRIPT_SANDBOXING = YES;
				GCC_C_LANGUAGE_STANDARD = gnu17;
				GCC_DYNAMIC_NO_PIC = NO;
				GCC_NO_COMMON_BLOCKS = YES;
				GCC_OPTIMIZATION_LEVEL = 0;
				GCC_PREPROCESSOR_DEFINITIONS = (
					"DEBUG=1",
					"$(inherited)",
				);
				GCC_WARN_64_TO_32_BIT_CONVERSION = YES;
				GCC_WARN_ABOUT_RETURN_TYPE = YES_ERROR;
				GCC_WARN_UNDECLARED_SELECTOR = YES;
				GCC_WARN_UNINITIALIZED_AUTOS = YES_AGGRESSIVE;
				GCC_WARN_UNUSED_FUNCTION = YES;
				GCC_WARN_UNUSED_VARIABLE = YES;
				IPHONEOS_DEPLOYMENT_TARGET = 26.2;
				LOCALIZATION_PREFERS_STRING_CATALOGS = YES;
				MTL_ENABLE_DEBUG_INFO = INCLUDE_SOURCE;
				MTL_FAST_MATH = YES;
				ONLY_ACTIVE_ARCH = YES;
				SDKROOT = iphoneos;
				SWIFT_ACTIVE_COMPILATION_CONDITIONS = "DEBUG $(inherited)";
				SWIFT_OPTIMIZATION_LEVEL = "-Onone";
			};
			name = Debug;
		};
		772BE53F2F12DBEF00193DE9 /* Release */ = {
			isa = XCBuildConfiguration;
			buildSettings = {
				ALWAYS_SEARCH_USER_PATHS = NO;
				ASSETCATALOG_COMPILER_GENERATE_SWIFT_ASSET_SYMBOL_EXTENSIONS = YES;
				CLANG_ANALYZER_NONNULL = YES;
				CLANG_ANALYZER_NUMBER_OBJECT_CONVERSION = YES_AGGRESSIVE;
				CLANG_CXX_LANGUAGE_STANDARD = "gnu++20";
				CLANG_ENABLE_MODULES = YES;
				CLANG_ENABLE_OBJC_ARC = YES;
				CLANG_ENABLE_OBJC_WEAK = YES;
				CLANG_WARN_BLOCK_CAPTURE_AUTORELEASING = YES;
				CLANG_WARN_BOOL_CONVERSION = YES;
				CLANG_WARN_COMMA = YES;
				CLANG_WARN_CONSTANT_CONVERSION = YES;
				CLANG_WARN_DEPRECATED_OBJC_IMPLEMENTATIONS = YES;
				CLANG_WARN_DIRECT_OBJC_ISA_USAGE = YES_ERROR;
				CLANG_WARN_DOCUMENTATION_COMMENTS = YES;
				CLANG_WARN_EMPTY_BODY = YES;
				CLANG_WARN_ENUM_CONVERSION = YES;
				CLANG_WARN_INFINITE_RECURSION = YES;
				CLANG_WARN_INT_CONVERSION = YES;
				CLANG_WARN_NON_LITERAL_NULL_CONVERSION = YES;
				CLANG_WARN_OBJC_IMPLICIT_RETAIN_SELF = YES;
				CLANG_WARN_OBJC_LITERAL_CONVERSION = YES;
				CLANG_WARN_OBJC_ROOT_CLASS = YES_ERROR;
				CLANG_WARN_QUOTED_INCLUDE_IN_FRAMEWORK_HEADER = YES;
				CLANG_WARN_RANGE_LOOP_ANALYSIS = YES;
				CLANG_WARN_STRICT_PROTOTYPES = YES;
				CLANG_WARN_SUSPICIOUS_MOVE = YES;
				CLANG_WARN_UNGUARDED_AVAILABILITY = YES_AGGRESSIVE;
				CLANG_WARN_UNREACHABLE_CODE = YES;
				CLANG_WARN__DUPLICATE_METHOD_MATCH = YES;
				COPY_PHASE_STRIP = NO;
				DEBUG_INFORMATION_FORMAT = "dwarf-with-dsym";
				DEVELOPMENT_TEAM = RZ9K4783T9;
				ENABLE_NS_ASSERTIONS = NO;
				ENABLE_STRICT_OBJC_MSGSEND = YES;
				ENABLE_USER_SCRIPT_SANDBOXING = YES;
				GCC_C_LANGUAGE_STANDARD = gnu17;
				GCC_NO_COMMON_BLOCKS = YES;
				GCC_WARN_64_TO_32_BIT_CONVERSION = YES;
				GCC_WARN_ABOUT_RETURN_TYPE = YES_ERROR;
				GCC_WARN_UNDECLARED_SELECTOR = YES;
				GCC_WARN_UNINITIALIZED_AUTOS = YES_AGGRESSIVE;
				GCC_WARN_UNUSED_FUNCTION = YES;
				GCC_WARN_UNUSED_VARIABLE = YES;
				IPHONEOS_DEPLOYMENT_TARGET = 26.2;
				LOCALIZATION_PREFERS_STRING_CATALOGS = YES;
				MTL_ENABLE_DEBUG_INFO = NO;
				MTL_FAST_MATH = YES;
				SDKROOT = iphoneos;
				SWIFT_COMPILATION_MODE = wholemodule;
				VALIDATE_PRODUCT = YES;
			};
			name = Release;
		};
		772BE5412F12DBEF00193DE9 /* Debug */ = {
			isa = XCBuildConfiguration;
			baseConfigurationReference = 77E1A0012F40000100E1A001 /* millio/Config/Debug.xcconfig */;
			buildSettings = {
				ASSETCATALOG_COMPILER_APPICON_NAME = AppIcon;
				ASSETCATALOG_COMPILER_GLOBAL_ACCENT_COLOR_NAME = AccentColor;
				CODE_SIGN_ENTITLEMENTS = millio/millio.entitlements;
				CODE_SIGN_STYLE = Automatic;
				CURRENT_PROJECT_VERSION = 44;
				DEVELOPMENT_TEAM = RZ9K4783T9;
				ENABLE_PREVIEWS = YES;
				GENERATE_INFOPLIST_FILE = YES;
				INFOPLIST_FILE = millio/Info.plist;
				INFOPLIST_KEY_CFBundleDisplayName = millio;
				INFOPLIST_KEY_LSApplicationCategoryType = "public.app-category.finance";
				INFOPLIST_KEY_UIApplicationSceneManifest_Generation = YES;
				INFOPLIST_KEY_UIApplicationSupportsIndirectInputEvents = YES;
				INFOPLIST_KEY_UILaunchStoryboardName = LaunchScreen;
				INFOPLIST_KEY_UIStatusBarStyle = "";
				INFOPLIST_KEY_UISupportedInterfaceOrientations = UIInterfaceOrientationPortrait;
				INFOPLIST_KEY_UISupportedInterfaceOrientations_iPad = "UIInterfaceOrientationLandscapeLeft UIInterfaceOrientationLandscapeRight UIInterfaceOrientationPortrait UIInterfaceOrientationPortraitUpsideDown";
				INFOPLIST_KEY_UIUserInterfaceStyle = Dark;
				IPHONEOS_DEPLOYMENT_TARGET = 18.6;
				LD_RUNPATH_SEARCH_PATHS = (
					"$(inherited)",
					"@executable_path/Frameworks",
				);
				MARKETING_VERSION = 1.6;
				PRODUCT_BUNDLE_IDENTIFIER = com.millio.app;
				PRODUCT_NAME = "$(TARGET_NAME)";
				STRING_CATALOG_GENERATE_SYMBOLS = YES;
				SWIFT_APPROACHABLE_CONCURRENCY = YES;
				SWIFT_DEFAULT_ACTOR_ISOLATION = Nonisolated;
				SWIFT_EMIT_LOC_STRINGS = YES;
				SWIFT_UPCOMING_FEATURE_MEMBER_IMPORT_VISIBILITY = YES;
				SWIFT_VERSION = 5.0;
				TARGETED_DEVICE_FAMILY = "1,2";
			};
			name = Debug;
		};
		772BE5422F12DBEF00193DE9 /* Release */ = {
			isa = XCBuildConfiguration;
			baseConfigurationReference = 77E1A0022F40000200E1A001 /* millio/Config/Release.xcconfig */;
			buildSettings = {
				ASSETCATALOG_COMPILER_APPICON_NAME = AppIcon;
				ASSETCATALOG_COMPILER_GLOBAL_ACCENT_COLOR_NAME = AccentColor;
				CODE_SIGN_ENTITLEMENTS = millio/millio.entitlements;
				CODE_SIGN_STYLE = Automatic;
				CURRENT_PROJECT_VERSION = 44;
				DEVELOPMENT_TEAM = RZ9K4783T9;
				ENABLE_PREVIEWS = YES;
				GENERATE_INFOPLIST_FILE = YES;
				INFOPLIST_FILE = millio/Info.plist;
				INFOPLIST_KEY_CFBundleDisplayName = millio;
				INFOPLIST_KEY_LSApplicationCategoryType = "public.app-category.finance";
				INFOPLIST_KEY_UIApplicationSceneManifest_Generation = YES;
				INFOPLIST_KEY_UIApplicationSupportsIndirectInputEvents = YES;
				INFOPLIST_KEY_UILaunchStoryboardName = LaunchScreen;
				INFOPLIST_KEY_UIStatusBarStyle = "";
				INFOPLIST_KEY_UISupportedInterfaceOrientations = UIInterfaceOrientationPortrait;
				INFOPLIST_KEY_UISupportedInterfaceOrientations_iPad = "UIInterfaceOrientationLandscapeLeft UIInterfaceOrientationLandscapeRight UIInterfaceOrientationPortrait UIInterfaceOrientationPortraitUpsideDown";
				INFOPLIST_KEY_UIUserInterfaceStyle = Dark;
				IPHONEOS_DEPLOYMENT_TARGET = 18.6;
				LD_RUNPATH_SEARCH_PATHS = (
					"$(inherited)",
					"@executable_path/Frameworks",
				);
				MARKETING_VERSION = 1.6;
				PRODUCT_BUNDLE_IDENTIFIER = com.millio.app;
				PRODUCT_NAME = "$(TARGET_NAME)";
				STRING_CATALOG_GENERATE_SYMBOLS = YES;
				SWIFT_APPROACHABLE_CONCURRENCY = YES;
				SWIFT_DEFAULT_ACTOR_ISOLATION = Nonisolated;
				SWIFT_EMIT_LOC_STRINGS = YES;
				SWIFT_UPCOMING_FEATURE_MEMBER_IMPORT_VISIBILITY = YES;
				SWIFT_VERSION = 5.0;
				TARGETED_DEVICE_FAMILY = "1,2";
			};
			name = Release;
		};
		772BE5442F12DBEF00193DE9 /* Debug */ = {
			isa = XCBuildConfiguration;
			buildSettings = {
				BUNDLE_LOADER = "$(TEST_HOST)";
				CODE_SIGN_STYLE = Automatic;
				CURRENT_PROJECT_VERSION = 40;
				DEVELOPMENT_TEAM = RZ9K4783T9;
				GENERATE_INFOPLIST_FILE = YES;
				IPHONEOS_DEPLOYMENT_TARGET = 18.6;
				MARKETING_VERSION = 1.0;
				PRODUCT_BUNDLE_IDENTIFIER = com.millio.millioTests;
				PRODUCT_NAME = "$(TARGET_NAME)";
				STRING_CATALOG_GENERATE_SYMBOLS = NO;
				SWIFT_APPROACHABLE_CONCURRENCY = YES;
				SWIFT_EMIT_LOC_STRINGS = NO;
				SWIFT_UPCOMING_FEATURE_MEMBER_IMPORT_VISIBILITY = YES;
				SWIFT_VERSION = 5.0;
				TARGETED_DEVICE_FAMILY = "1,2";
				TEST_HOST = "$(BUILT_PRODUCTS_DIR)/millio.app/$(BUNDLE_EXECUTABLE_FOLDER_PATH)/millio";
			};
			name = Debug;
		};
		772BE5452F12DBEF00193DE9 /* Release */ = {
			isa = XCBuildConfiguration;
			buildSettings = {
				BUNDLE_LOADER = "$(TEST_HOST)";
				CODE_SIGN_STYLE = Automatic;
				CURRENT_PROJECT_VERSION = 40;
				DEVELOPMENT_TEAM = RZ9K4783T9;
				GENERATE_INFOPLIST_FILE = YES;
				IPHONEOS_DEPLOYMENT_TARGET = 18.6;
				MARKETING_VERSION = 1.0;
				PRODUCT_BUNDLE_IDENTIFIER = com.millio.millioTests;
				PRODUCT_NAME = "$(TARGET_NAME)";
				STRING_CATALOG_GENERATE_SYMBOLS = NO;
				SWIFT_APPROACHABLE_CONCURRENCY = YES;
				SWIFT_EMIT_LOC_STRINGS = NO;
				SWIFT_UPCOMING_FEATURE_MEMBER_IMPORT_VISIBILITY = YES;
				SWIFT_VERSION = 5.0;
				TARGETED_DEVICE_FAMILY = "1,2";
				TEST_HOST = "$(BUILT_PRODUCTS_DIR)/millio.app/$(BUNDLE_EXECUTABLE_FOLDER_PATH)/millio";
			};
			name = Release;
		};
		772BE5472F12DBEF00193DE9 /* Debug */ = {
			isa = XCBuildConfiguration;
			buildSettings = {
				CODE_SIGN_STYLE = Automatic;
				CURRENT_PROJECT_VERSION = 40;
				DEVELOPMENT_TEAM = RZ9K4783T9;
				GENERATE_INFOPLIST_FILE = YES;
				IPHONEOS_DEPLOYMENT_TARGET = 18.6;
				MARKETING_VERSION = 1.0;
				PRODUCT_BUNDLE_IDENTIFIER = com.millio.millioUITests;
				PRODUCT_NAME = "$(TARGET_NAME)";
				STRING_CATALOG_GENERATE_SYMBOLS = NO;
				SWIFT_APPROACHABLE_CONCURRENCY = YES;
				SWIFT_EMIT_LOC_STRINGS = NO;
				SWIFT_UPCOMING_FEATURE_MEMBER_IMPORT_VISIBILITY = YES;
				SWIFT_VERSION = 5.0;
				TARGETED_DEVICE_FAMILY = "1,2";
				TEST_TARGET_NAME = millio;
			};
			name = Debug;
		};
		772BE5482F12DBEF00193DE9 /* Release */ = {
			isa = XCBuildConfiguration;
			buildSettings = {
				CODE_SIGN_STYLE = Automatic;
				CURRENT_PROJECT_VERSION = 40;
				DEVELOPMENT_TEAM = RZ9K4783T9;
				GENERATE_INFOPLIST_FILE = YES;
				IPHONEOS_DEPLOYMENT_TARGET = 18.6;
				MARKETING_VERSION = 1.0;
				PRODUCT_BUNDLE_IDENTIFIER = com.millio.millioUITests;
				PRODUCT_NAME = "$(TARGET_NAME)";
				STRING_CATALOG_GENERATE_SYMBOLS = NO;
				SWIFT_APPROACHABLE_CONCURRENCY = YES;
				SWIFT_EMIT_LOC_STRINGS = NO;
				SWIFT_UPCOMING_FEATURE_MEMBER_IMPORT_VISIBILITY = YES;
				SWIFT_VERSION = 5.0;
				TARGETED_DEVICE_FAMILY = "1,2";
				TEST_TARGET_NAME = millio;
			};
			name = Release;
		};
		78A1000A2F50000A00A10001 /* Debug */ = {
			isa = XCBuildConfiguration;
			buildSettings = {
				APPLICATION_EXTENSION_API_ONLY = YES;
				CODE_SIGN_ENTITLEMENTS = millioCurrencyWidgetExtension/millioCurrencyWidgetExtension.entitlements;
				CODE_SIGN_STYLE = Automatic;
				CURRENT_PROJECT_VERSION = 44;
				DEVELOPMENT_TEAM = RZ9K4783T9;
				GENERATE_INFOPLIST_FILE = NO;
				INFOPLIST_FILE = millioCurrencyWidgetExtension/Info.plist;
				IPHONEOS_DEPLOYMENT_TARGET = 18.6;
				LD_RUNPATH_SEARCH_PATHS = (
					"$(inherited)",
					"@executable_path/Frameworks",
					"@executable_path/../../Frameworks",
				);
				MARKETING_VERSION = 1.6;
				PRODUCT_BUNDLE_IDENTIFIER = com.millio.app.currencywidget;
				PRODUCT_NAME = "$(TARGET_NAME)";
				SKIP_INSTALL = YES;
				STRING_CATALOG_GENERATE_SYMBOLS = YES;
				SWIFT_APPROACHABLE_CONCURRENCY = YES;
				SWIFT_EMIT_LOC_STRINGS = YES;
				SWIFT_UPCOMING_FEATURE_MEMBER_IMPORT_VISIBILITY = YES;
				SWIFT_VERSION = 5.0;
				TARGETED_DEVICE_FAMILY = "1,2";
			};
			name = Debug;
		};
		78A1000B2F50000B00A10001 /* Release */ = {
			isa = XCBuildConfiguration;
			buildSettings = {
				APPLICATION_EXTENSION_API_ONLY = YES;
				CODE_SIGN_ENTITLEMENTS = millioCurrencyWidgetExtension/millioCurrencyWidgetExtension.entitlements;
				CODE_SIGN_STYLE = Automatic;
				CURRENT_PROJECT_VERSION = 44;
				DEVELOPMENT_TEAM = RZ9K4783T9;
				GENERATE_INFOPLIST_FILE = NO;
				INFOPLIST_FILE = millioCurrencyWidgetExtension/Info.plist;
				IPHONEOS_DEPLOYMENT_TARGET = 18.6;
				LD_RUNPATH_SEARCH_PATHS = (
					"$(inherited)",
					"@executable_path/Frameworks",
					"@executable_path/../../Frameworks",
				);
				MARKETING_VERSION = 1.6;
				PRODUCT_BUNDLE_IDENTIFIER = com.millio.app.currencywidget;
				PRODUCT_NAME = "$(TARGET_NAME)";
				SKIP_INSTALL = YES;
				STRING_CATALOG_GENERATE_SYMBOLS = YES;
				SWIFT_APPROACHABLE_CONCURRENCY = YES;
				SWIFT_EMIT_LOC_STRINGS = YES;
				SWIFT_UPCOMING_FEATURE_MEMBER_IMPORT_VISIBILITY = YES;
				SWIFT_VERSION = 5.0;
				TARGETED_DEVICE_FAMILY = "1,2";
			};
			name = Release;
		};
/* End XCBuildConfiguration section */

/* Begin XCConfigurationList section */
		772BE5182F12DBED00193DE9 /* Build configuration list for PBXProject "millio" */ = {
			isa = XCConfigurationList;
			buildConfigurations = (
				772BE53E2F12DBEF00193DE9 /* Debug */,
				772BE53F2F12DBEF00193DE9 /* Release */,
			);
			defaultConfigurationIsVisible = 0;
			defaultConfigurationName = Release;
		};
		772BE5402F12DBEF00193DE9 /* Build configuration list for PBXNativeTarget "millio" */ = {
			isa = XCConfigurationList;
			buildConfigurations = (
				772BE5412F12DBEF00193DE9 /* Debug */,
				772BE5422F12DBEF00193DE9 /* Release */,
			);
			defaultConfigurationIsVisible = 0;
			defaultConfigurationName = Release;
		};
		772BE5432F12DBEF00193DE9 /* Build configuration list for PBXNativeTarget "millioTests" */ = {
			isa = XCConfigurationList;
			buildConfigurations = (
				772BE5442F12DBEF00193DE9 /* Debug */,
				772BE5452F12DBEF00193DE9 /* Release */,
			);
			defaultConfigurationIsVisible = 0;
			defaultConfigurationName = Release;
		};
		772BE5462F12DBEF00193DE9 /* Build configuration list for PBXNativeTarget "millioUITests" */ = {
			isa = XCConfigurationList;
			buildConfigurations = (
				772BE5472F12DBEF00193DE9 /* Debug */,
				772BE5482F12DBEF00193DE9 /* Release */,
			);
			defaultConfigurationIsVisible = 0;
			defaultConfigurationName = Release;
		};
		78A1000C2F50000C00A10001 /* Build configuration list for PBXNativeTarget "millioCurrencyWidgetExtension" */ = {
			isa = XCConfigurationList;
			buildConfigurations = (
				78A1000A2F50000A00A10001 /* Debug */,
				78A1000B2F50000B00A10001 /* Release */,
			);
			defaultConfigurationIsVisible = 0;
			defaultConfigurationName = Release;
		};
/* End XCConfigurationList section */

/* Begin XCRemoteSwiftPackageReference section */
		777D081A2F2CF17B004777D8 /* XCRemoteSwiftPackageReference "firebase-ios-sdk" */ = {
			isa = XCRemoteSwiftPackageReference;
			repositoryURL = "https://github.com/firebase/firebase-ios-sdk";
			requirement = {
				kind = upToNextMajorVersion;
				minimumVersion = 12.8.0;
			};
		};
/* End XCRemoteSwiftPackageReference section */

/* Begin XCSwiftPackageProductDependency section */
		777D08202F2D1234004777D8 /* FirebaseCrashlytics */ = {
			isa = XCSwiftPackageProductDependency;
			package = 777D081A2F2CF17B004777D8 /* XCRemoteSwiftPackageReference "firebase-ios-sdk" */;
			productName = FirebaseCrashlytics;
		};
/* End XCSwiftPackageProductDependency section */
	};
	rootObject = 772BE5152F12DBED00193DE9 /* Project object */;
}
