{
  "object": {
    "pins": [
      {
        "package": "abseil",
        "repositoryURL": "https://github.com/google/abseil-cpp-binary.git",
        "state": {
          "branch": null,
          "revision": "bbe8b69694d7873315fd3a4ad41efe043e1c07c5",
          "version": "1.2024072200.0"
        }
      },
      {
        "package": "GCDWebServer",
        "repositoryURL": "https://github.com/SlaunchaMan/GCDWebServer.git",
        "state": {
          "branch": null,
          "revision": "935e2736044e71e5341663c3cc9a335ba6867a2b",
          "version": null
        }
      },
      {
        "package": "GoogleAdsOnDeviceConversion",
        "repositoryURL": "https://github.com/googleads/google-ads-on-device-conversion-ios-sdk",
        "state": {
          "branch": null,
          "revision": "9bfcc6cf435b2e7c5562c1900b8680c594fa9a64",
          "version": "3.6.0"
        }
      },
      {
        "package": "GoogleAppMeasurement",
        "repositoryURL": "https://github.com/google/GoogleAppMeasurement.git",
        "state": {
          "branch": null,
          "revision": "219e564a8510e983e675c94f77f7f7c50049f22d",
          "version": "12.14.0"
        }
      },
      {
        "package": "GoogleUtilities",
        "repositoryURL": "https://github.com/google/GoogleUtilities.git",
        "state": {
          "branch": null,
          "revision": "c46e5f8b7c23265f17c24ca7f9fa1b13ded7a822",
          "version": "8.1.1"
        }
      },
      {
        "package": "gRPC",
        "repositoryURL": "https://github.com/google/grpc-binary.git",
        "state": {
          "branch": null,
          "revision": "75b31c842f664a0f46a2e590a570e370249fd8f6",
          "version": "1.69.1"
        }
      },
      {
        "package": "GTMSessionFetcher",
        "repositoryURL": "https://github.com/google/gtm-session-fetcher.git",
        "state": {
          "branch": null,
          "revision": "c0ac7575d70050c2973ba2318bd5af47f8e8153a",
          "version": "5.3.0"
        }
      },
      {
        "package": "InteropForGoogle",
        "repositoryURL": "https://github.com/google/interop-ios-for-google-sdks.git",
        "state": {
          "branch": null,
          "revision": "040d087ac2267d2ddd4cca36c757d1c6a05fdbfe",
          "version": "101.0.0"
        }
      },
      {
        "package": "nanopb",
        "repositoryURL": "https://github.com/firebase/nanopb.git",
        "state": {
          "branch": null,
          "revision": "3851d94a41890dea16dc3db34caf60e585cb4163",
          "version": "2.30910.1"
        }
      },
      {
        "package": "OCMock",
        "repositoryURL": "https://github.com/erikdoe/ocmock.git",
        "state": {
          "branch": null,
          "revision": "2c0bfd373289f4a7716db5d6db471640f91a6507",
          "version": null
        }
      },
      {
        "package": "Promises",
        "repositoryURL": "https://github.com/google/promises.git",
        "state": {
          "branch": null,
          "revision": "f4a19a3c313dc2616c70bb49d29a799fb16be837",
          "version": "2.4.1"
        }
      }
    ]
  },
  "version": 1
}
